
Microsoft Visual Studio Solution File, Format Version 12.00
# Visual Studio 2013
VisualStudioVersion = 12.0.31101.0
MinimumVisualStudioVersion = 10.0.40219.1
Project("{8BC9CEB8-8B4A-11D0-8D11-00A0C91BC942}") = "4.3mount", "4.3mount\4.3mount.vcxproj", "{1B903E37-0872-4F8B-A703-37C6CEB7BD4B}"
EndProject
Project("{8BC9CEB8-8B4A-11D0-8D11-00A0C91BC942}") = "4.4cdrom", "4.4cdrom\4.4cdrom.vcxproj", "{148C1C59-8890-4B75-AF31-A2F4AC8F07BE}"
EndProject
Project("{8BC9CEB8-8B4A-11D0-8D11-00A0C91BC942}") = "4.5diskspace", "4.5diskspace\4.5diskspace.vcxproj", "{8185A57A-D416-461B-8285-F7B34988E650}"
EndProject
Project("{8BC9CEB8-8B4A-11D0-8D11-00A0C91BC942}") = "4.6file", "4.6file\4.6file.vcxproj", "{CBCC9CE7-75A7-4B60-A5D7-88D0CED50AD6}"
EndProject
Project("{8BC9CEB8-8B4A-11D0-8D11-00A0C91BC942}") = "4.7rwfile", "4.7rwfile\4.7rwfile.vcxproj", "{6D964DCF-C50A-4248-84F3-BC2857A7AE8E}"
EndProject
Project("{8BC9CEB8-8B4A-11D0-8D11-00A0C91BC942}") = "4.8createdirectory", "4.8createdirectory\4.8createdirectory.vcxproj", "{E5846FEB-687F-4910-A13D-F26853E86169}"
EndProject
Project("{8BC9CEB8-8B4A-11D0-8D11-00A0C91BC942}") = "4.9GetMoudleFileName", "4.9GetMoudleFileName\4.9GetMoudleFileName.vcxproj", "{0C001A8F-F540-4A2B-A9E6-EEE1441767E1}"
EndProject
Project("{8BC9CEB8-8B4A-11D0-8D11-00A0C91BC942}") = "4.10sub_dir", "4.10sub_dir\4.10sub_dir.vcxproj", "{A0C3E3B1-D532-4E73-85EF-0371C6FC4989}"
EndProject
Project("{8BC9CEB8-8B4A-11D0-8D11-00A0C91BC942}") = "4.11tree", "4.11tree\4.11tree.vcxproj", "{9CFA724A-3722-4B41-BABF-1985FC19B164}"
EndProject
Project("{8BC9CEB8-8B4A-11D0-8D11-00A0C91BC942}") = "4.12FileAttribute", "4.12FileAttribute\4.12FileAttribute.vcxproj", "{EEF1E87E-E1E7-47A8-9301-259E910DAA3D}"
EndProject
Project("{8BC9CEB8-8B4A-11D0-8D11-00A0C91BC942}") = "4.13MappingFile", "4.13MappingFile\4.13MappingFile.vcxproj", "{9AB5FB70-B8AE-4069-AEB6-1CACFEE3F5E0}"
EndProject
Project("{8BC9CEB8-8B4A-11D0-8D11-00A0C91BC942}") = "4.14mapping", "4.14mapping\4.14mapping.vcxproj", "{403E353D-EF33-4B99-BD86-950E60D8D995}"
EndProject
Project("{8BC9CEB8-8B4A-11D0-8D11-00A0C91BC942}") = "4.15mapping", "4.15mapping\4.15mapping.vcxproj", "{548122F3-C4C4-4477-80A6-75E57563B4BB}"
EndProject
Project("{8BC9CEB8-8B4A-11D0-8D11-00A0C91BC942}") = "4.16GetFileNameFromHandle", "4.16GetFileNameFromHandle\4.16GetFileNameFromHandle.vcxproj", "{67ECC536-8E7D-46F6-92C1-EC8A65AE706D}"
EndProject
Project("{8BC9CEB8-8B4A-11D0-8D11-00A0C91BC942}") = "5.1heap", "5.1heap\5.1heap.vcxproj", "{6981D062-7B0F-430C-B8E7-829C1434F63E}"
EndProject
Project("{8BC9CEB8-8B4A-11D0-8D11-00A0C91BC942}") = "5.4Global", "5.4Global\5.4Global.vcxproj", "{7C6895C1-F94B-48F2-8E2E-B5B474BD3984}"
EndProject
Project("{8BC9CEB8-8B4A-11D0-8D11-00A0C91BC942}") = "5.7ShowMemContent", "5.7ShowMemContent\5.7ShowMemContent.vcxproj", "{00267114-A227-4376-A13D-3CABEE452279}"
EndProject
Project("{8BC9CEB8-8B4A-11D0-8D11-00A0C91BC942}") = "5.9globalMemory", "5.9globalMemory\5.9globalMemory.vcxproj", "{6F2441DF-D99D-4D3D-AC79-0C9DE1927898}"
EndProject
Project("{8BC9CEB8-8B4A-11D0-8D11-00A0C91BC942}") = "6.2child", "7.1child\7.1child.vcxproj", "{C9945DFA-BB7D-401E-B929-779E52E33FD6}"
EndProject
Project("{8BC9CEB8-8B4A-11D0-8D11-00A0C91BC942}") = "6.1process", "7.1process\7.1process.vcxproj", "{0AC00BED-D20C-418C-A76E-1504C4DF6637}"
EndProject
Project("{8BC9CEB8-8B4A-11D0-8D11-00A0C91BC942}") = "6.3environment", "6.3environment\6.3environment.vcxproj", "{CC3C3C08-A14F-44A3-BF59-A87AC9BDB2D5}"
EndProject
Project("{8BC9CEB8-8B4A-11D0-8D11-00A0C91BC942}") = "6.5CreateThread", "6.5CreateThread\6.5CreateThread.vcxproj", "{BEB3EF4F-03D9-4E6C-B46B-0DF8DD70F83F}"
EndProject
Project("{8BC9CEB8-8B4A-11D0-8D11-00A0C91BC942}") = "6.6Threadmanager", "6.6Threadmanager\6.6Threadmanager.vcxproj", "{CBF6277D-E863-48C3-A971-C9D00C84D1A1}"
EndProject
Project("{8BC9CEB8-8B4A-11D0-8D11-00A0C91BC942}") = "6.7remoteThread", "6.7remoteThread\6.7remoteThread.vcxproj", "{8181D3A8-21C8-4E20-A3E6-B479D2A6A760}"
EndProject
Project("{8BC9CEB8-8B4A-11D0-8D11-00A0C91BC942}") = "6.8Fibers", "6.8Fibers\6.8Fibers.vcxproj", "{487250ED-3437-45E4-85F2-AF0158D0CC24}"
EndProject
Project("{8BC9CEB8-8B4A-11D0-8D11-00A0C91BC942}") = "6.9EnumProcesses", "6.9EnumProcesses\6.9EnumProcesses.vcxproj", "{823CBE80-C528-42EA-88E5-21CD3B648FA3}"
EndProject
Project("{8BC9CEB8-8B4A-11D0-8D11-00A0C91BC942}") = "libTest", "libTest\libTest.vcxproj", "{8C9CAB8C-C269-4247-A6EE-AEAEF646EF0A}"
EndProject
Project("{8BC9CEB8-8B4A-11D0-8D11-00A0C91BC942}") = "libCall", "libCall\libCall.vcxproj", "{D41B8E1C-F556-4640-85D0-AA3FF5D6C67C}"
EndProject
Project("{8BC9CEB8-8B4A-11D0-8D11-00A0C91BC942}") = "7.1Event", "7.1Event\7.1Event.vcxproj", "{90F9B8FA-0A82-4C9B-97FA-F84ACF63B22F}"
EndProject
Project("{8BC9CEB8-8B4A-11D0-8D11-00A0C91BC942}") = "7.2Events", "7.2Events\7.2Events.vcxproj", "{99540320-D615-4F2F-A6B6-0627A66CC962}"
EndProject
Project("{8BC9CEB8-8B4A-11D0-8D11-00A0C91BC942}") = "7.3Mutex", "7.3Mutex\7.3Mutex.vcxproj", "{E9D4868F-F911-4061-91EA-CC4D953060C8}"
EndProject
Project("{8BC9CEB8-8B4A-11D0-8D11-00A0C91BC942}") = "7.4Semaphorec", "7.4Semaphorec\7.4Semaphorec.vcxproj", "{B484C154-242F-4874-BEF8-125D54275DE7}"
EndProject
Project("{8BC9CEB8-8B4A-11D0-8D11-00A0C91BC942}") = "7.5Timer", "7.5Timer\7.5Timer.vcxproj", "{458E77A2-79D1-487A-846C-7E5BB80C9A97}"
EndProject
Project("{8BC9CEB8-8B4A-11D0-8D11-00A0C91BC942}") = "8.1SplSrv", "8.1SplSrv\8.1SplSrv.vcxproj", "{51F2FE8E-985F-497D-9761-9A5C1DCE9D3A}"
EndProject
Project("{8BC9CEB8-8B4A-11D0-8D11-00A0C91BC942}") = "9.1ConsoleIO", "9.1ConsoleIO\9.1ConsoleIO.vcxproj", "{22C9DAE0-740A-411C-98EB-E6D4AE7768CA}"
EndProject
Project("{8BC9CEB8-8B4A-11D0-8D11-00A0C91BC942}") = "9.7InitApplication", "9.7InitApplication\9.7InitApplication.vcxproj", "{1C0181D3-68FF-4B78-BFFE-CFFDC1A6B571}"
EndProject
Project("{8BC9CEB8-8B4A-11D0-8D11-00A0C91BC942}") = "10.1GetOSVersion", "10.1GetOSVersion\10.1GetOSVersion.vcxproj", "{347F7679-2237-445C-AA21-CE2A1FA4C560}"
EndProject
Project("{8BC9CEB8-8B4A-11D0-8D11-00A0C91BC942}") = "10.6SystemTime", "10.6SystemTime\10.6SystemTime.vcxproj", "{9B0DC8D6-FEB3-463B-8740-B9744A00E6A2}"
EndProject
Project("{8BC9CEB8-8B4A-11D0-8D11-00A0C91BC942}") = "10.7Regedit", "10.7Regedit\10.7Regedit.vcxproj", "{46348FB2-0554-4B94-BC68-3597B2A6EF49}"
EndProject
Project("{8BC9CEB8-8B4A-11D0-8D11-00A0C91BC942}") = "11.1mailslot", "11.1mailslot\11.1mailslot.vcxproj", "{11D76DBF-52E0-4458-80EF-00692A7367FC}"
EndProject
Project("{8BC9CEB8-8B4A-11D0-8D11-00A0C91BC942}") = "11.2MailslotClient", "11.2MailslotClient\11.2MailslotClient.vcxproj", "{2313C3DF-A548-430C-A014-134EDB92D680}"
EndProject
Project("{8BC9CEB8-8B4A-11D0-8D11-00A0C91BC942}") = "11.3pipe", "11.3pipe\11.3pipe.vcxproj", "{02CB1389-99F3-4D37-97E9-C90877A3870B}"
EndProject
Project("{8BC9CEB8-8B4A-11D0-8D11-00A0C91BC942}") = "11.6PipeClient", "11.6PipeClient\11.6PipeClient.vcxproj", "{811E1267-0AEC-4042-905B-6DAB97E24575}"
EndProject
Project("{8BC9CEB8-8B4A-11D0-8D11-00A0C91BC942}") = "11.7ClipTextEmpty", "11.7ClipTextEmpty\11.7ClipTextEmpty.vcxproj", "{C3412A54-2FBF-4059-A4FF-676EBC0B4CA1}"
EndProject
Project("{8BC9CEB8-8B4A-11D0-8D11-00A0C91BC942}") = "11.8ClipView", "11.8ClipView\11.8ClipView.vcxproj", "{33E0463B-0B29-4409-AED0-CD2C38BDADB7}"
EndProject
Project("{8BC9CEB8-8B4A-11D0-8D11-00A0C91BC942}") = "11.9CopyDataSend", "11.9CopyDataSend\11.9CopyDataSend.vcxproj", "{9DE54481-A29E-47D1-86EE-1F1254EBA048}"
EndProject
Project("{8BC9CEB8-8B4A-11D0-8D11-00A0C91BC942}") = "11.10CopyDataReceive", "11.10CopyDataReceive\11.10CopyDataReceive.vcxproj", "{F064D34C-B662-4361-A5E0-B8BC3E4806C5}"
EndProject
Project("{8BC9CEB8-8B4A-11D0-8D11-00A0C91BC942}") = "12.1SpecialFolder", "12.1SpecialFolder\12.1SpecialFolder.vcxproj", "{F755D1EC-A5FC-4DA8-9FA3-19F3C3CCEDD2}"
EndProject
Project("{8BC9CEB8-8B4A-11D0-8D11-00A0C91BC942}") = "12.6ShellExtention", "12.6ShellExtention\12.6ShellExtention.vcxproj", "{840BF149-DF03-4AA4-B932-EC99C2F52A42}"
EndProject
Project("{8BC9CEB8-8B4A-11D0-8D11-00A0C91BC942}") = "13.1GDI", "13.1GDI\13.1GDI.vcxproj", "{2EFBB480-1054-4812-A5AA-00EE35865D0E}"
EndProject
Project("{8BC9CEB8-8B4A-11D0-8D11-00A0C91BC942}") = "13.2Text", "13.2Text\13.2Text.vcxproj", "{D8EF40E2-7B10-4835-A16A-9E5C57E7A3ED}"
EndProject
Project("{8BC9CEB8-8B4A-11D0-8D11-00A0C91BC942}") = "13.3font", "13.3font\13.3font.vcxproj", "{E2D133DE-45FA-47C0-8D8E-4F540FA76C14}"
EndProject
Project("{8BC9CEB8-8B4A-11D0-8D11-00A0C91BC942}") = "13.4Curve", "13.4Curve\13.4Curve.vcxproj", "{7EF83E7E-BF94-4401-9116-F1D4FDCD28AF}"
EndProject
Project("{8BC9CEB8-8B4A-11D0-8D11-00A0C91BC942}") = "13.5Shape", "13.5Shape\13.5Shape.vcxproj", "{8126185F-7409-4E41-A2C2-8493917BB4D4}"
EndProject
Global
	GlobalSection(SolutionConfigurationPlatforms) = preSolution
		Debug|Win32 = Debug|Win32
		Mutex|Win32 = Mutex|Win32
		Release|Win32 = Release|Win32
	EndGlobalSection
	GlobalSection(ProjectConfigurationPlatforms) = postSolution
		{1B903E37-0872-4F8B-A703-37C6CEB7BD4B}.Debug|Win32.ActiveCfg = Debug|Win32
		{1B903E37-0872-4F8B-A703-37C6CEB7BD4B}.Debug|Win32.Build.0 = Debug|Win32
		{1B903E37-0872-4F8B-A703-37C6CEB7BD4B}.Mutex|Win32.ActiveCfg = Mutex|Win32
		{1B903E37-0872-4F8B-A703-37C6CEB7BD4B}.Mutex|Win32.Build.0 = Mutex|Win32
		{1B903E37-0872-4F8B-A703-37C6CEB7BD4B}.Release|Win32.ActiveCfg = Release|Win32
		{1B903E37-0872-4F8B-A703-37C6CEB7BD4B}.Release|Win32.Build.0 = Release|Win32
		{148C1C59-8890-4B75-AF31-A2F4AC8F07BE}.Debug|Win32.ActiveCfg = Debug|Win32
		{148C1C59-8890-4B75-AF31-A2F4AC8F07BE}.Debug|Win32.Build.0 = Debug|Win32
		{148C1C59-8890-4B75-AF31-A2F4AC8F07BE}.Mutex|Win32.ActiveCfg = Mutex|Win32
		{148C1C59-8890-4B75-AF31-A2F4AC8F07BE}.Mutex|Win32.Build.0 = Mutex|Win32
		{148C1C59-8890-4B75-AF31-A2F4AC8F07BE}.Release|Win32.ActiveCfg = Release|Win32
		{148C1C59-8890-4B75-AF31-A2F4AC8F07BE}.Release|Win32.Build.0 = Release|Win32
		{8185A57A-D416-461B-8285-F7B34988E650}.Debug|Win32.ActiveCfg = Debug|Win32
		{8185A57A-D416-461B-8285-F7B34988E650}.Debug|Win32.Build.0 = Debug|Win32
		{8185A57A-D416-461B-8285-F7B34988E650}.Mutex|Win32.ActiveCfg = Mutex|Win32
		{8185A57A-D416-461B-8285-F7B34988E650}.Mutex|Win32.Build.0 = Mutex|Win32
		{8185A57A-D416-461B-8285-F7B34988E650}.Release|Win32.ActiveCfg = Release|Win32
		{8185A57A-D416-461B-8285-F7B34988E650}.Release|Win32.Build.0 = Release|Win32
		{CBCC9CE7-75A7-4B60-A5D7-88D0CED50AD6}.Debug|Win32.ActiveCfg = Debug|Win32
		{CBCC9CE7-75A7-4B60-A5D7-88D0CED50AD6}.Debug|Win32.Build.0 = Debug|Win32
		{CBCC9CE7-75A7-4B60-A5D7-88D0CED50AD6}.Mutex|Win32.ActiveCfg = Mutex|Win32
		{CBCC9CE7-75A7-4B60-A5D7-88D0CED50AD6}.Mutex|Win32.Build.0 = Mutex|Win32
		{CBCC9CE7-75A7-4B60-A5D7-88D0CED50AD6}.Release|Win32.ActiveCfg = Release|Win32
		{CBCC9CE7-75A7-4B60-A5D7-88D0CED50AD6}.Release|Win32.Build.0 = Release|Win32
		{6D964DCF-C50A-4248-84F3-BC2857A7AE8E}.Debug|Win32.ActiveCfg = Debug|Win32
		{6D964DCF-C50A-4248-84F3-BC2857A7AE8E}.Debug|Win32.Build.0 = Debug|Win32
		{6D964DCF-C50A-4248-84F3-BC2857A7AE8E}.Mutex|Win32.ActiveCfg = Mutex|Win32
		{6D964DCF-C50A-4248-84F3-BC2857A7AE8E}.Mutex|Win32.Build.0 = Mutex|Win32
		{6D964DCF-C50A-4248-84F3-BC2857A7AE8E}.Release|Win32.ActiveCfg = Release|Win32
		{6D964DCF-C50A-4248-84F3-BC2857A7AE8E}.Release|Win32.Build.0 = Release|Win32
		{E5846FEB-687F-4910-A13D-F26853E86169}.Debug|Win32.ActiveCfg = Debug|Win32
		{E5846FEB-687F-4910-A13D-F26853E86169}.Debug|Win32.Build.0 = Debug|Win32
		{E5846FEB-687F-4910-A13D-F26853E86169}.Mutex|Win32.ActiveCfg = Mutex|Win32
		{E5846FEB-687F-4910-A13D-F26853E86169}.Mutex|Win32.Build.0 = Mutex|Win32
		{E5846FEB-687F-4910-A13D-F26853E86169}.Release|Win32.ActiveCfg = Release|Win32
		{E5846FEB-687F-4910-A13D-F26853E86169}.Release|Win32.Build.0 = Release|Win32
		{0C001A8F-F540-4A2B-A9E6-EEE1441767E1}.Debug|Win32.ActiveCfg = Debug|Win32
		{0C001A8F-F540-4A2B-A9E6-EEE1441767E1}.Debug|Win32.Build.0 = Debug|Win32
		{0C001A8F-F540-4A2B-A9E6-EEE1441767E1}.Mutex|Win32.ActiveCfg = Mutex|Win32
		{0C001A8F-F540-4A2B-A9E6-EEE1441767E1}.Mutex|Win32.Build.0 = Mutex|Win32
		{0C001A8F-F540-4A2B-A9E6-EEE1441767E1}.Release|Win32.ActiveCfg = Release|Win32
		{0C001A8F-F540-4A2B-A9E6-EEE1441767E1}.Release|Win32.Build.0 = Release|Win32
		{A0C3E3B1-D532-4E73-85EF-0371C6FC4989}.Debug|Win32.ActiveCfg = Debug|Win32
		{A0C3E3B1-D532-4E73-85EF-0371C6FC4989}.Debug|Win32.Build.0 = Debug|Win32
		{A0C3E3B1-D532-4E73-85EF-0371C6FC4989}.Mutex|Win32.ActiveCfg = Mutex|Win32
		{A0C3E3B1-D532-4E73-85EF-0371C6FC4989}.Mutex|Win32.Build.0 = Mutex|Win32
		{A0C3E3B1-D532-4E73-85EF-0371C6FC4989}.Release|Win32.ActiveCfg = Release|Win32
		{A0C3E3B1-D532-4E73-85EF-0371C6FC4989}.Release|Win32.Build.0 = Release|Win32
		{9CFA724A-3722-4B41-BABF-1985FC19B164}.Debug|Win32.ActiveCfg = Debug|Win32
		{9CFA724A-3722-4B41-BABF-1985FC19B164}.Debug|Win32.Build.0 = Debug|Win32
		{9CFA724A-3722-4B41-BABF-1985FC19B164}.Mutex|Win32.ActiveCfg = Mutex|Win32
		{9CFA724A-3722-4B41-BABF-1985FC19B164}.Mutex|Win32.Build.0 = Mutex|Win32
		{9CFA724A-3722-4B41-BABF-1985FC19B164}.Release|Win32.ActiveCfg = Release|Win32
		{9CFA724A-3722-4B41-BABF-1985FC19B164}.Release|Win32.Build.0 = Release|Win32
		{EEF1E87E-E1E7-47A8-9301-259E910DAA3D}.Debug|Win32.ActiveCfg = Debug|Win32
		{EEF1E87E-E1E7-47A8-9301-259E910DAA3D}.Debug|Win32.Build.0 = Debug|Win32
		{EEF1E87E-E1E7-47A8-9301-259E910DAA3D}.Mutex|Win32.ActiveCfg = Mutex|Win32
		{EEF1E87E-E1E7-47A8-9301-259E910DAA3D}.Mutex|Win32.Build.0 = Mutex|Win32
		{EEF1E87E-E1E7-47A8-9301-259E910DAA3D}.Release|Win32.ActiveCfg = Release|Win32
		{EEF1E87E-E1E7-47A8-9301-259E910DAA3D}.Release|Win32.Build.0 = Release|Win32
		{9AB5FB70-B8AE-4069-AEB6-1CACFEE3F5E0}.Debug|Win32.ActiveCfg = Debug|Win32
		{9AB5FB70-B8AE-4069-AEB6-1CACFEE3F5E0}.Debug|Win32.Build.0 = Debug|Win32
		{9AB5FB70-B8AE-4069-AEB6-1CACFEE3F5E0}.Mutex|Win32.ActiveCfg = Mutex|Win32
		{9AB5FB70-B8AE-4069-AEB6-1CACFEE3F5E0}.Mutex|Win32.Build.0 = Mutex|Win32
		{9AB5FB70-B8AE-4069-AEB6-1CACFEE3F5E0}.Release|Win32.ActiveCfg = Release|Win32
		{9AB5FB70-B8AE-4069-AEB6-1CACFEE3F5E0}.Release|Win32.Build.0 = Release|Win32
		{403E353D-EF33-4B99-BD86-950E60D8D995}.Debug|Win32.ActiveCfg = Debug|Win32
		{403E353D-EF33-4B99-BD86-950E60D8D995}.Debug|Win32.Build.0 = Debug|Win32
		{403E353D-EF33-4B99-BD86-950E60D8D995}.Mutex|Win32.ActiveCfg = Mutex|Win32
		{403E353D-EF33-4B99-BD86-950E60D8D995}.Mutex|Win32.Build.0 = Mutex|Win32
		{403E353D-EF33-4B99-BD86-950E60D8D995}.Release|Win32.ActiveCfg = Release|Win32
		{403E353D-EF33-4B99-BD86-950E60D8D995}.Release|Win32.Build.0 = Release|Win32
		{548122F3-C4C4-4477-80A6-75E57563B4BB}.Debug|Win32.ActiveCfg = Debug|Win32
		{548122F3-C4C4-4477-80A6-75E57563B4BB}.Debug|Win32.Build.0 = Debug|Win32
		{548122F3-C4C4-4477-80A6-75E57563B4BB}.Mutex|Win32.ActiveCfg = Mutex|Win32
		{548122F3-C4C4-4477-80A6-75E57563B4BB}.Mutex|Win32.Build.0 = Mutex|Win32
		{548122F3-C4C4-4477-80A6-75E57563B4BB}.Release|Win32.ActiveCfg = Release|Win32
		{548122F3-C4C4-4477-80A6-75E57563B4BB}.Release|Win32.Build.0 = Release|Win32
		{67ECC536-8E7D-46F6-92C1-EC8A65AE706D}.Debug|Win32.ActiveCfg = Debug|Win32
		{67ECC536-8E7D-46F6-92C1-EC8A65AE706D}.Debug|Win32.Build.0 = Debug|Win32
		{67ECC536-8E7D-46F6-92C1-EC8A65AE706D}.Mutex|Win32.ActiveCfg = Mutex|Win32
		{67ECC536-8E7D-46F6-92C1-EC8A65AE706D}.Mutex|Win32.Build.0 = Mutex|Win32
		{67ECC536-8E7D-46F6-92C1-EC8A65AE706D}.Release|Win32.ActiveCfg = Release|Win32
		{67ECC536-8E7D-46F6-92C1-EC8A65AE706D}.Release|Win32.Build.0 = Release|Win32
		{6981D062-7B0F-430C-B8E7-829C1434F63E}.Debug|Win32.ActiveCfg = Debug|Win32
		{6981D062-7B0F-430C-B8E7-829C1434F63E}.Debug|Win32.Build.0 = Debug|Win32
		{6981D062-7B0F-430C-B8E7-829C1434F63E}.Mutex|Win32.ActiveCfg = Mutex|Win32
		{6981D062-7B0F-430C-B8E7-829C1434F63E}.Mutex|Win32.Build.0 = Mutex|Win32
		{6981D062-7B0F-430C-B8E7-829C1434F63E}.Release|Win32.ActiveCfg = Release|Win32
		{6981D062-7B0F-430C-B8E7-829C1434F63E}.Release|Win32.Build.0 = Release|Win32
		{7C6895C1-F94B-48F2-8E2E-B5B474BD3984}.Debug|Win32.ActiveCfg = Debug|Win32
		{7C6895C1-F94B-48F2-8E2E-B5B474BD3984}.Debug|Win32.Build.0 = Debug|Win32
		{7C6895C1-F94B-48F2-8E2E-B5B474BD3984}.Mutex|Win32.ActiveCfg = Mutex|Win32
		{7C6895C1-F94B-48F2-8E2E-B5B474BD3984}.Mutex|Win32.Build.0 = Mutex|Win32
		{7C6895C1-F94B-48F2-8E2E-B5B474BD3984}.Release|Win32.ActiveCfg = Release|Win32
		{7C6895C1-F94B-48F2-8E2E-B5B474BD3984}.Release|Win32.Build.0 = Release|Win32
		{00267114-A227-4376-A13D-3CABEE452279}.Debug|Win32.ActiveCfg = Debug|Win32
		{00267114-A227-4376-A13D-3CABEE452279}.Debug|Win32.Build.0 = Debug|Win32
		{00267114-A227-4376-A13D-3CABEE452279}.Mutex|Win32.ActiveCfg = Mutex|Win32
		{00267114-A227-4376-A13D-3CABEE452279}.Mutex|Win32.Build.0 = Mutex|Win32
		{00267114-A227-4376-A13D-3CABEE452279}.Release|Win32.ActiveCfg = Release|Win32
		{00267114-A227-4376-A13D-3CABEE452279}.Release|Win32.Build.0 = Release|Win32
		{6F2441DF-D99D-4D3D-AC79-0C9DE1927898}.Debug|Win32.ActiveCfg = Debug|Win32
		{6F2441DF-D99D-4D3D-AC79-0C9DE1927898}.Debug|Win32.Build.0 = Debug|Win32
		{6F2441DF-D99D-4D3D-AC79-0C9DE1927898}.Mutex|Win32.ActiveCfg = Mutex|Win32
		{6F2441DF-D99D-4D3D-AC79-0C9DE1927898}.Mutex|Win32.Build.0 = Mutex|Win32
		{6F2441DF-D99D-4D3D-AC79-0C9DE1927898}.Release|Win32.ActiveCfg = Release|Win32
		{6F2441DF-D99D-4D3D-AC79-0C9DE1927898}.Release|Win32.Build.0 = Release|Win32
		{C9945DFA-BB7D-401E-B929-779E52E33FD6}.Debug|Win32.ActiveCfg = Debug|Win32
		{C9945DFA-BB7D-401E-B929-779E52E33FD6}.Debug|Win32.Build.0 = Debug|Win32
		{C9945DFA-BB7D-401E-B929-779E52E33FD6}.Mutex|Win32.ActiveCfg = Mutex|Win32
		{C9945DFA-BB7D-401E-B929-779E52E33FD6}.Mutex|Win32.Build.0 = Mutex|Win32
		{C9945DFA-BB7D-401E-B929-779E52E33FD6}.Release|Win32.ActiveCfg = Release|Win32
		{C9945DFA-BB7D-401E-B929-779E52E33FD6}.Release|Win32.Build.0 = Release|Win32
		{0AC00BED-D20C-418C-A76E-1504C4DF6637}.Debug|Win32.ActiveCfg = Debug|Win32
		{0AC00BED-D20C-418C-A76E-1504C4DF6637}.Debug|Win32.Build.0 = Debug|Win32
		{0AC00BED-D20C-418C-A76E-1504C4DF6637}.Mutex|Win32.ActiveCfg = Mutex|Win32
		{0AC00BED-D20C-418C-A76E-1504C4DF6637}.Mutex|Win32.Build.0 = Mutex|Win32
		{0AC00BED-D20C-418C-A76E-1504C4DF6637}.Release|Win32.ActiveCfg = Release|Win32
		{0AC00BED-D20C-418C-A76E-1504C4DF6637}.Release|Win32.Build.0 = Release|Win32
		{CC3C3C08-A14F-44A3-BF59-A87AC9BDB2D5}.Debug|Win32.ActiveCfg = Debug|Win32
		{CC3C3C08-A14F-44A3-BF59-A87AC9BDB2D5}.Debug|Win32.Build.0 = Debug|Win32
		{CC3C3C08-A14F-44A3-BF59-A87AC9BDB2D5}.Mutex|Win32.ActiveCfg = Mutex|Win32
		{CC3C3C08-A14F-44A3-BF59-A87AC9BDB2D5}.Mutex|Win32.Build.0 = Mutex|Win32
		{CC3C3C08-A14F-44A3-BF59-A87AC9BDB2D5}.Release|Win32.ActiveCfg = Release|Win32
		{CC3C3C08-A14F-44A3-BF59-A87AC9BDB2D5}.Release|Win32.Build.0 = Release|Win32
		{BEB3EF4F-03D9-4E6C-B46B-0DF8DD70F83F}.Debug|Win32.ActiveCfg = Debug|Win32
		{BEB3EF4F-03D9-4E6C-B46B-0DF8DD70F83F}.Debug|Win32.Build.0 = Debug|Win32
		{BEB3EF4F-03D9-4E6C-B46B-0DF8DD70F83F}.Mutex|Win32.ActiveCfg = Mutex|Win32
		{BEB3EF4F-03D9-4E6C-B46B-0DF8DD70F83F}.Mutex|Win32.Build.0 = Mutex|Win32
		{BEB3EF4F-03D9-4E6C-B46B-0DF8DD70F83F}.Release|Win32.ActiveCfg = Release|Win32
		{BEB3EF4F-03D9-4E6C-B46B-0DF8DD70F83F}.Release|Win32.Build.0 = Release|Win32
		{CBF6277D-E863-48C3-A971-C9D00C84D1A1}.Debug|Win32.ActiveCfg = Debug|Win32
		{CBF6277D-E863-48C3-A971-C9D00C84D1A1}.Debug|Win32.Build.0 = Debug|Win32
		{CBF6277D-E863-48C3-A971-C9D00C84D1A1}.Mutex|Win32.ActiveCfg = Mutex|Win32
		{CBF6277D-E863-48C3-A971-C9D00C84D1A1}.Mutex|Win32.Build.0 = Mutex|Win32
		{CBF6277D-E863-48C3-A971-C9D00C84D1A1}.Release|Win32.ActiveCfg = Release|Win32
		{CBF6277D-E863-48C3-A971-C9D00C84D1A1}.Release|Win32.Build.0 = Release|Win32
		{8181D3A8-21C8-4E20-A3E6-B479D2A6A760}.Debug|Win32.ActiveCfg = Debug|Win32
		{8181D3A8-21C8-4E20-A3E6-B479D2A6A760}.Debug|Win32.Build.0 = Debug|Win32
		{8181D3A8-21C8-4E20-A3E6-B479D2A6A760}.Mutex|Win32.ActiveCfg = Mutex|Win32
		{8181D3A8-21C8-4E20-A3E6-B479D2A6A760}.Mutex|Win32.Build.0 = Mutex|Win32
		{8181D3A8-21C8-4E20-A3E6-B479D2A6A760}.Release|Win32.ActiveCfg = Release|Win32
		{8181D3A8-21C8-4E20-A3E6-B479D2A6A760}.Release|Win32.Build.0 = Release|Win32
		{487250ED-3437-45E4-85F2-AF0158D0CC24}.Debug|Win32.ActiveCfg = Debug|Win32
		{487250ED-3437-45E4-85F2-AF0158D0CC24}.Debug|Win32.Build.0 = Debug|Win32
		{487250ED-3437-45E4-85F2-AF0158D0CC24}.Mutex|Win32.ActiveCfg = Mutex|Win32
		{487250ED-3437-45E4-85F2-AF0158D0CC24}.Mutex|Win32.Build.0 = Mutex|Win32
		{487250ED-3437-45E4-85F2-AF0158D0CC24}.Release|Win32.ActiveCfg = Release|Win32
		{487250ED-3437-45E4-85F2-AF0158D0CC24}.Release|Win32.Build.0 = Release|Win32
		{823CBE80-C528-42EA-88E5-21CD3B648FA3}.Debug|Win32.ActiveCfg = Debug|Win32
		{823CBE80-C528-42EA-88E5-21CD3B648FA3}.Debug|Win32.Build.0 = Debug|Win32
		{823CBE80-C528-42EA-88E5-21CD3B648FA3}.Mutex|Win32.ActiveCfg = Mutex|Win32
		{823CBE80-C528-42EA-88E5-21CD3B648FA3}.Mutex|Win32.Build.0 = Mutex|Win32
		{823CBE80-C528-42EA-88E5-21CD3B648FA3}.Release|Win32.ActiveCfg = Release|Win32
		{823CBE80-C528-42EA-88E5-21CD3B648FA3}.Release|Win32.Build.0 = Release|Win32
		{8C9CAB8C-C269-4247-A6EE-AEAEF646EF0A}.Debug|Win32.ActiveCfg = Debug|Win32
		{8C9CAB8C-C269-4247-A6EE-AEAEF646EF0A}.Debug|Win32.Build.0 = Debug|Win32
		{8C9CAB8C-C269-4247-A6EE-AEAEF646EF0A}.Mutex|Win32.ActiveCfg = Mutex|Win32
		{8C9CAB8C-C269-4247-A6EE-AEAEF646EF0A}.Mutex|Win32.Build.0 = Mutex|Win32
		{8C9CAB8C-C269-4247-A6EE-AEAEF646EF0A}.Release|Win32.ActiveCfg = Release|Win32
		{8C9CAB8C-C269-4247-A6EE-AEAEF646EF0A}.Release|Win32.Build.0 = Release|Win32
		{D41B8E1C-F556-4640-85D0-AA3FF5D6C67C}.Debug|Win32.ActiveCfg = Debug|Win32
		{D41B8E1C-F556-4640-85D0-AA3FF5D6C67C}.Debug|Win32.Build.0 = Debug|Win32
		{D41B8E1C-F556-4640-85D0-AA3FF5D6C67C}.Mutex|Win32.ActiveCfg = Mutex|Win32
		{D41B8E1C-F556-4640-85D0-AA3FF5D6C67C}.Mutex|Win32.Build.0 = Mutex|Win32
		{D41B8E1C-F556-4640-85D0-AA3FF5D6C67C}.Release|Win32.ActiveCfg = Release|Win32
		{D41B8E1C-F556-4640-85D0-AA3FF5D6C67C}.Release|Win32.Build.0 = Release|Win32
		{90F9B8FA-0A82-4C9B-97FA-F84ACF63B22F}.Debug|Win32.ActiveCfg = Debug|Win32
		{90F9B8FA-0A82-4C9B-97FA-F84ACF63B22F}.Debug|Win32.Build.0 = Debug|Win32
		{90F9B8FA-0A82-4C9B-97FA-F84ACF63B22F}.Mutex|Win32.ActiveCfg = Mutex|Win32
		{90F9B8FA-0A82-4C9B-97FA-F84ACF63B22F}.Mutex|Win32.Build.0 = Mutex|Win32
		{90F9B8FA-0A82-4C9B-97FA-F84ACF63B22F}.Release|Win32.ActiveCfg = Release|Win32
		{90F9B8FA-0A82-4C9B-97FA-F84ACF63B22F}.Release|Win32.Build.0 = Release|Win32
		{99540320-D615-4F2F-A6B6-0627A66CC962}.Debug|Win32.ActiveCfg = Debug|Win32
		{99540320-D615-4F2F-A6B6-0627A66CC962}.Debug|Win32.Build.0 = Debug|Win32
		{99540320-D615-4F2F-A6B6-0627A66CC962}.Mutex|Win32.ActiveCfg = Mutex|Win32
		{99540320-D615-4F2F-A6B6-0627A66CC962}.Mutex|Win32.Build.0 = Mutex|Win32
		{99540320-D615-4F2F-A6B6-0627A66CC962}.Release|Win32.ActiveCfg = Release|Win32
		{99540320-D615-4F2F-A6B6-0627A66CC962}.Release|Win32.Build.0 = Release|Win32
		{E9D4868F-F911-4061-91EA-CC4D953060C8}.Debug|Win32.ActiveCfg = Debug|Win32
		{E9D4868F-F911-4061-91EA-CC4D953060C8}.Debug|Win32.Build.0 = Debug|Win32
		{E9D4868F-F911-4061-91EA-CC4D953060C8}.Mutex|Win32.ActiveCfg = Mutex|Win32
		{E9D4868F-F911-4061-91EA-CC4D953060C8}.Mutex|Win32.Build.0 = Mutex|Win32
		{E9D4868F-F911-4061-91EA-CC4D953060C8}.Release|Win32.ActiveCfg = Release|Win32
		{E9D4868F-F911-4061-91EA-CC4D953060C8}.Release|Win32.Build.0 = Release|Win32
		{B484C154-242F-4874-BEF8-125D54275DE7}.Debug|Win32.ActiveCfg = Debug|Win32
		{B484C154-242F-4874-BEF8-125D54275DE7}.Debug|Win32.Build.0 = Debug|Win32
		{B484C154-242F-4874-BEF8-125D54275DE7}.Mutex|Win32.ActiveCfg = Release|Win32
		{B484C154-242F-4874-BEF8-125D54275DE7}.Mutex|Win32.Build.0 = Release|Win32
		{B484C154-242F-4874-BEF8-125D54275DE7}.Release|Win32.ActiveCfg = Release|Win32
		{B484C154-242F-4874-BEF8-125D54275DE7}.Release|Win32.Build.0 = Release|Win32
		{458E77A2-79D1-487A-846C-7E5BB80C9A97}.Debug|Win32.ActiveCfg = Debug|Win32
		{458E77A2-79D1-487A-846C-7E5BB80C9A97}.Debug|Win32.Build.0 = Debug|Win32
		{458E77A2-79D1-487A-846C-7E5BB80C9A97}.Mutex|Win32.ActiveCfg = Release|Win32
		{458E77A2-79D1-487A-846C-7E5BB80C9A97}.Mutex|Win32.Build.0 = Release|Win32
		{458E77A2-79D1-487A-846C-7E5BB80C9A97}.Release|Win32.ActiveCfg = Release|Win32
		{458E77A2-79D1-487A-846C-7E5BB80C9A97}.Release|Win32.Build.0 = Release|Win32
		{51F2FE8E-985F-497D-9761-9A5C1DCE9D3A}.Debug|Win32.ActiveCfg = Debug|Win32
		{51F2FE8E-985F-497D-9761-9A5C1DCE9D3A}.Debug|Win32.Build.0 = Debug|Win32
		{51F2FE8E-985F-497D-9761-9A5C1DCE9D3A}.Mutex|Win32.ActiveCfg = Release|Win32
		{51F2FE8E-985F-497D-9761-9A5C1DCE9D3A}.Mutex|Win32.Build.0 = Release|Win32
		{51F2FE8E-985F-497D-9761-9A5C1DCE9D3A}.Release|Win32.ActiveCfg = Release|Win32
		{51F2FE8E-985F-497D-9761-9A5C1DCE9D3A}.Release|Win32.Build.0 = Release|Win32
		{22C9DAE0-740A-411C-98EB-E6D4AE7768CA}.Debug|Win32.ActiveCfg = Debug|Win32
		{22C9DAE0-740A-411C-98EB-E6D4AE7768CA}.Debug|Win32.Build.0 = Debug|Win32
		{22C9DAE0-740A-411C-98EB-E6D4AE7768CA}.Mutex|Win32.ActiveCfg = Release|Win32
		{22C9DAE0-740A-411C-98EB-E6D4AE7768CA}.Mutex|Win32.Build.0 = Release|Win32
		{22C9DAE0-740A-411C-98EB-E6D4AE7768CA}.Release|Win32.ActiveCfg = Release|Win32
		{22C9DAE0-740A-411C-98EB-E6D4AE7768CA}.Release|Win32.Build.0 = Release|Win32
		{1C0181D3-68FF-4B78-BFFE-CFFDC1A6B571}.Debug|Win32.ActiveCfg = Debug|Win32
		{1C0181D3-68FF-4B78-BFFE-CFFDC1A6B571}.Debug|Win32.Build.0 = Debug|Win32
		{1C0181D3-68FF-4B78-BFFE-CFFDC1A6B571}.Mutex|Win32.ActiveCfg = Release|Win32
		{1C0181D3-68FF-4B78-BFFE-CFFDC1A6B571}.Mutex|Win32.Build.0 = Release|Win32
		{1C0181D3-68FF-4B78-BFFE-CFFDC1A6B571}.Release|Win32.ActiveCfg = Release|Win32
		{1C0181D3-68FF-4B78-BFFE-CFFDC1A6B571}.Release|Win32.Build.0 = Release|Win32
		{347F7679-2237-445C-AA21-CE2A1FA4C560}.Debug|Win32.ActiveCfg = Debug|Win32
		{347F7679-2237-445C-AA21-CE2A1FA4C560}.Debug|Win32.Build.0 = Debug|Win32
		{347F7679-2237-445C-AA21-CE2A1FA4C560}.Mutex|Win32.ActiveCfg = Release|Win32
		{347F7679-2237-445C-AA21-CE2A1FA4C560}.Mutex|Win32.Build.0 = Release|Win32
		{347F7679-2237-445C-AA21-CE2A1FA4C560}.Release|Win32.ActiveCfg = Release|Win32
		{347F7679-2237-445C-AA21-CE2A1FA4C560}.Release|Win32.Build.0 = Release|Win32
		{9B0DC8D6-FEB3-463B-8740-B9744A00E6A2}.Debug|Win32.ActiveCfg = Debug|Win32
		{9B0DC8D6-FEB3-463B-8740-B9744A00E6A2}.Debug|Win32.Build.0 = Debug|Win32
		{9B0DC8D6-FEB3-463B-8740-B9744A00E6A2}.Mutex|Win32.ActiveCfg = Release|Win32
		{9B0DC8D6-FEB3-463B-8740-B9744A00E6A2}.Mutex|Win32.Build.0 = Release|Win32
		{9B0DC8D6-FEB3-463B-8740-B9744A00E6A2}.Release|Win32.ActiveCfg = Release|Win32
		{9B0DC8D6-FEB3-463B-8740-B9744A00E6A2}.Release|Win32.Build.0 = Release|Win32
		{46348FB2-0554-4B94-BC68-3597B2A6EF49}.Debug|Win32.ActiveCfg = Debug|Win32
		{46348FB2-0554-4B94-BC68-3597B2A6EF49}.Debug|Win32.Build.0 = Debug|Win32
		{46348FB2-0554-4B94-BC68-3597B2A6EF49}.Mutex|Win32.ActiveCfg = Release|Win32
		{46348FB2-0554-4B94-BC68-3597B2A6EF49}.Mutex|Win32.Build.0 = Release|Win32
		{46348FB2-0554-4B94-BC68-3597B2A6EF49}.Release|Win32.ActiveCfg = Release|Win32
		{46348FB2-0554-4B94-BC68-3597B2A6EF49}.Release|Win32.Build.0 = Release|Win32
		{11D76DBF-52E0-4458-80EF-00692A7367FC}.Debug|Win32.ActiveCfg = Debug|Win32
		{11D76DBF-52E0-4458-80EF-00692A7367FC}.Debug|Win32.Build.0 = Debug|Win32
		{11D76DBF-52E0-4458-80EF-00692A7367FC}.Mutex|Win32.ActiveCfg = Release|Win32
		{11D76DBF-52E0-4458-80EF-00692A7367FC}.Mutex|Win32.Build.0 = Release|Win32
		{11D76DBF-52E0-4458-80EF-00692A7367FC}.Release|Win32.ActiveCfg = Release|Win32
		{11D76DBF-52E0-4458-80EF-00692A7367FC}.Release|Win32.Build.0 = Release|Win32
		{2313C3DF-A548-430C-A014-134EDB92D680}.Debug|Win32.ActiveCfg = Debug|Win32
		{2313C3DF-A548-430C-A014-134EDB92D680}.Debug|Win32.Build.0 = Debug|Win32
		{2313C3DF-A548-430C-A014-134EDB92D680}.Mutex|Win32.ActiveCfg = Release|Win32
		{2313C3DF-A548-430C-A014-134EDB92D680}.Mutex|Win32.Build.0 = Release|Win32
		{2313C3DF-A548-430C-A014-134EDB92D680}.Release|Win32.ActiveCfg = Release|Win32
		{2313C3DF-A548-430C-A014-134EDB92D680}.Release|Win32.Build.0 = Release|Win32
		{02CB1389-99F3-4D37-97E9-C90877A3870B}.Debug|Win32.ActiveCfg = Debug|Win32
		{02CB1389-99F3-4D37-97E9-C90877A3870B}.Debug|Win32.Build.0 = Debug|Win32
		{02CB1389-99F3-4D37-97E9-C90877A3870B}.Mutex|Win32.ActiveCfg = Release|Win32
		{02CB1389-99F3-4D37-97E9-C90877A3870B}.Mutex|Win32.Build.0 = Release|Win32
		{02CB1389-99F3-4D37-97E9-C90877A3870B}.Release|Win32.ActiveCfg = Release|Win32
		{02CB1389-99F3-4D37-97E9-C90877A3870B}.Release|Win32.Build.0 = Release|Win32
		{811E1267-0AEC-4042-905B-6DAB97E24575}.Debug|Win32.ActiveCfg = Debug|Win32
		{811E1267-0AEC-4042-905B-6DAB97E24575}.Debug|Win32.Build.0 = Debug|Win32
		{811E1267-0AEC-4042-905B-6DAB97E24575}.Mutex|Win32.ActiveCfg = Release|Win32
		{811E1267-0AEC-4042-905B-6DAB97E24575}.Mutex|Win32.Build.0 = Release|Win32
		{811E1267-0AEC-4042-905B-6DAB97E24575}.Release|Win32.ActiveCfg = Release|Win32
		{811E1267-0AEC-4042-905B-6DAB97E24575}.Release|Win32.Build.0 = Release|Win32
		{C3412A54-2FBF-4059-A4FF-676EBC0B4CA1}.Debug|Win32.ActiveCfg = Debug|Win32
		{C3412A54-2FBF-4059-A4FF-676EBC0B4CA1}.Debug|Win32.Build.0 = Debug|Win32
		{C3412A54-2FBF-4059-A4FF-676EBC0B4CA1}.Mutex|Win32.ActiveCfg = Release|Win32
		{C3412A54-2FBF-4059-A4FF-676EBC0B4CA1}.Mutex|Win32.Build.0 = Release|Win32
		{C3412A54-2FBF-4059-A4FF-676EBC0B4CA1}.Release|Win32.ActiveCfg = Release|Win32
		{C3412A54-2FBF-4059-A4FF-676EBC0B4CA1}.Release|Win32.Build.0 = Release|Win32
		{33E0463B-0B29-4409-AED0-CD2C38BDADB7}.Debug|Win32.ActiveCfg = Debug|Win32
		{33E0463B-0B29-4409-AED0-CD2C38BDADB7}.Debug|Win32.Build.0 = Debug|Win32
		{33E0463B-0B29-4409-AED0-CD2C38BDADB7}.Mutex|Win32.ActiveCfg = Release|Win32
		{33E0463B-0B29-4409-AED0-CD2C38BDADB7}.Mutex|Win32.Build.0 = Release|Win32
		{33E0463B-0B29-4409-AED0-CD2C38BDADB7}.Release|Win32.ActiveCfg = Release|Win32
		{33E0463B-0B29-4409-AED0-CD2C38BDADB7}.Release|Win32.Build.0 = Release|Win32
		{9DE54481-A29E-47D1-86EE-1F1254EBA048}.Debug|Win32.ActiveCfg = Debug|Win32
		{9DE54481-A29E-47D1-86EE-1F1254EBA048}.Debug|Win32.Build.0 = Debug|Win32
		{9DE54481-A29E-47D1-86EE-1F1254EBA048}.Mutex|Win32.ActiveCfg = Release|Win32
		{9DE54481-A29E-47D1-86EE-1F1254EBA048}.Mutex|Win32.Build.0 = Release|Win32
		{9DE54481-A29E-47D1-86EE-1F1254EBA048}.Release|Win32.ActiveCfg = Release|Win32
		{9DE54481-A29E-47D1-86EE-1F1254EBA048}.Release|Win32.Build.0 = Release|Win32
		{F064D34C-B662-4361-A5E0-B8BC3E4806C5}.Debug|Win32.ActiveCfg = Debug|Win32
		{F064D34C-B662-4361-A5E0-B8BC3E4806C5}.Debug|Win32.Build.0 = Debug|Win32
		{F064D34C-B662-4361-A5E0-B8BC3E4806C5}.Mutex|Win32.ActiveCfg = Release|Win32
		{F064D34C-B662-4361-A5E0-B8BC3E4806C5}.Mutex|Win32.Build.0 = Release|Win32
		{F064D34C-B662-4361-A5E0-B8BC3E4806C5}.Release|Win32.ActiveCfg = Release|Win32
		{F064D34C-B662-4361-A5E0-B8BC3E4806C5}.Release|Win32.Build.0 = Release|Win32
		{F755D1EC-A5FC-4DA8-9FA3-19F3C3CCEDD2}.Debug|Win32.ActiveCfg = Debug|Win32
		{F755D1EC-A5FC-4DA8-9FA3-19F3C3CCEDD2}.Debug|Win32.Build.0 = Debug|Win32
		{F755D1EC-A5FC-4DA8-9FA3-19F3C3CCEDD2}.Mutex|Win32.ActiveCfg = Release|Win32
		{F755D1EC-A5FC-4DA8-9FA3-19F3C3CCEDD2}.Mutex|Win32.Build.0 = Release|Win32
		{F755D1EC-A5FC-4DA8-9FA3-19F3C3CCEDD2}.Release|Win32.ActiveCfg = Release|Win32
		{F755D1EC-A5FC-4DA8-9FA3-19F3C3CCEDD2}.Release|Win32.Build.0 = Release|Win32
		{840BF149-DF03-4AA4-B932-EC99C2F52A42}.Debug|Win32.ActiveCfg = Debug|Win32
		{840BF149-DF03-4AA4-B932-EC99C2F52A42}.Debug|Win32.Build.0 = Debug|Win32
		{840BF149-DF03-4AA4-B932-EC99C2F52A42}.Mutex|Win32.ActiveCfg = Release|Win32
		{840BF149-DF03-4AA4-B932-EC99C2F52A42}.Mutex|Win32.Build.0 = Release|Win32
		{840BF149-DF03-4AA4-B932-EC99C2F52A42}.Release|Win32.ActiveCfg = Release|Win32
		{840BF149-DF03-4AA4-B932-EC99C2F52A42}.Release|Win32.Build.0 = Release|Win32
		{2EFBB480-1054-4812-A5AA-00EE35865D0E}.Debug|Win32.ActiveCfg = Debug|Win32
		{2EFBB480-1054-4812-A5AA-00EE35865D0E}.Debug|Win32.Build.0 = Debug|Win32
		{2EFBB480-1054-4812-A5AA-00EE35865D0E}.Mutex|Win32.ActiveCfg = Release|Win32
		{2EFBB480-1054-4812-A5AA-00EE35865D0E}.Mutex|Win32.Build.0 = Release|Win32
		{2EFBB480-1054-4812-A5AA-00EE35865D0E}.Release|Win32.ActiveCfg = Release|Win32
		{2EFBB480-1054-4812-A5AA-00EE35865D0E}.Release|Win32.Build.0 = Release|Win32
		{D8EF40E2-7B10-4835-A16A-9E5C57E7A3ED}.Debug|Win32.ActiveCfg = Debug|Win32
		{D8EF40E2-7B10-4835-A16A-9E5C57E7A3ED}.Debug|Win32.Build.0 = Debug|Win32
		{D8EF40E2-7B10-4835-A16A-9E5C57E7A3ED}.Mutex|Win32.ActiveCfg = Release|Win32
		{D8EF40E2-7B10-4835-A16A-9E5C57E7A3ED}.Mutex|Win32.Build.0 = Release|Win32
		{D8EF40E2-7B10-4835-A16A-9E5C57E7A3ED}.Release|Win32.ActiveCfg = Release|Win32
		{D8EF40E2-7B10-4835-A16A-9E5C57E7A3ED}.Release|Win32.Build.0 = Release|Win32
		{E2D133DE-45FA-47C0-8D8E-4F540FA76C14}.Debug|Win32.ActiveCfg = Debug|Win32
		{E2D133DE-45FA-47C0-8D8E-4F540FA76C14}.Debug|Win32.Build.0 = Debug|Win32
		{E2D133DE-45FA-47C0-8D8E-4F540FA76C14}.Mutex|Win32.ActiveCfg = Release|Win32
		{E2D133DE-45FA-47C0-8D8E-4F540FA76C14}.Mutex|Win32.Build.0 = Release|Win32
		{E2D133DE-45FA-47C0-8D8E-4F540FA76C14}.Release|Win32.ActiveCfg = Release|Win32
		{E2D133DE-45FA-47C0-8D8E-4F540FA76C14}.Release|Win32.Build.0 = Release|Win32
		{7EF83E7E-BF94-4401-9116-F1D4FDCD28AF}.Debug|Win32.ActiveCfg = Debug|Win32
		{7EF83E7E-BF94-4401-9116-F1D4FDCD28AF}.Debug|Win32.Build.0 = Debug|Win32
		{7EF83E7E-BF94-4401-9116-F1D4FDCD28AF}.Mutex|Win32.ActiveCfg = Release|Win32
		{7EF83E7E-BF94-4401-9116-F1D4FDCD28AF}.Mutex|Win32.Build.0 = Release|Win32
		{7EF83E7E-BF94-4401-9116-F1D4FDCD28AF}.Release|Win32.ActiveCfg = Release|Win32
		{7EF83E7E-BF94-4401-9116-F1D4FDCD28AF}.Release|Win32.Build.0 = Release|Win32
		{8126185F-7409-4E41-A2C2-8493917BB4D4}.Debug|Win32.ActiveCfg = Debug|Win32
		{8126185F-7409-4E41-A2C2-8493917BB4D4}.Debug|Win32.Build.0 = Debug|Win32
		{8126185F-7409-4E41-A2C2-8493917BB4D4}.Mutex|Win32.ActiveCfg = Release|Win32
		{8126185F-7409-4E41-A2C2-8493917BB4D4}.Mutex|Win32.Build.0 = Release|Win32
		{8126185F-7409-4E41-A2C2-8493917BB4D4}.Release|Win32.ActiveCfg = Release|Win32
		{8126185F-7409-4E41-A2C2-8493917BB4D4}.Release|Win32.Build.0 = Release|Win32
	EndGlobalSection
	GlobalSection(SolutionProperties) = preSolution
		HideSolutionNode = FALSE
	EndGlobalSection
EndGlobal
